Microsoft Visual Studio Solution File, Format Version 12.00
# Visual Studio Version 17
VisualStudioVersion = 17.5.2.0
MinimumVisualStudioVersion = 10.0.40219.1
Project("{2150E333-8FDC-42A3-9474-1A3956D46DE8}") = "Part 1 - The Basics", "Part 1 - The Basics", "{3BD569F3-2E31-EFA9-78B7-A67E56B0CFB3}"
EndProject
Project("{2150E333-8FDC-42A3-9474-1A3956D46DE8}") = "Level 3 - Hello World; Your First Program", "Level 3 - Hello World; Your First Program", "{41D305D4-7FD3-8BF2-0F0A-A57EB711AF9A}"
EndProject
Project("{FAE04EC0-301F-11D3-BF4B-00C04F79EFBC}") = "HelloWorld!", "Part 1 - The Basics\Level 3 - Hello World; Your First Program\HelloWorld!\HelloWorld!.csproj", "{C21CD176-E83F-3718-EE86-2D36B2CC2BBC}"
EndProject
Global
	GlobalSection(SolutionConfigurationPlatforms) = preSolution
		Debug|Any CPU = Debug|Any CPU
		Release|Any CPU = Release|Any CPU
	EndGlobalSection
	GlobalSection(ProjectConfigurationPlatforms) = postSolution
		{C21CD176-E83F-3718-EE86-2D36B2CC2BBC}.Debug|Any CPU.ActiveCfg = Debug|Any CPU
		{C21CD176-E83F-3718-EE86-2D36B2CC2BBC}.Debug|Any CPU.Build.0 = Debug|Any CPU
		{C21CD176-E83F-3718-EE86-2D36B2CC2BBC}.Release|Any CPU.ActiveCfg = Release|Any CPU
		{C21CD176-E83F-3718-EE86-2D36B2CC2BBC}.Release|Any CPU.Build.0 = Release|Any CPU
	EndGlobalSection
	GlobalSection(SolutionProperties) = preSolution
		HideSolutionNode = FALSE
	EndGlobalSection
	GlobalSection(NestedProjects) = preSolution
		{41D305D4-7FD3-8BF2-0F0A-A57EB711AF9A} = {3BD569F3-2E31-EFA9-78B7-A67E56B0CFB3}
		{C21CD176-E83F-3718-EE86-2D36B2CC2BBC} = {41D305D4-7FD3-8BF2-0F0A-A57EB711AF9A}
	EndGlobalSection
	GlobalSection(ExtensibilityGlobals) = postSolution
		SolutionGuid = {589FA6E7-CC67-4E89-87AE-54AEDCAF43A9}
	EndGlobalSection
EndGlobal
