
Microsoft Visual Studio Solution File, Format Version 12.00
# Visual Studio Version 17
VisualStudioVersion = 17.4.33110.190
MinimumVisualStudioVersion = 10.0.40219.1
Project("{9A19103F-16F7-4668-BE54-9A1E7A4F7556}") = "Level 3 - HelloWorld", "Level 3 - HelloWorld\Level 3 - HelloWorld.csproj", "{5657CC97-2D8D-47D2-8DAB-C6610A02B6B7}"
EndProject
Project("{9A19103F-16F7-4668-BE54-9A1E7A4F7556}") = "Level 3 - HelloWorld-(Challenge)", "Level 3 - HelloWorld-(Challenge)\Level 3 - HelloWorld-(Challenge).csproj", "{A332A8FB-0248-4F72-A81C-B66D426686A5}"
EndProject
Project("{9A19103F-16F7-4668-BE54-9A1E7A4F7556}") = "Level 3 - TheMakingsOfAProgrammer", "TheMakingsOfAProgrammer\Level 3 - TheMakingsOfAProgrammer.csproj", "{42F05BB0-C2B2-4ABC-98A8-96B9719059FE}"
EndProject
Project("{9A19103F-16F7-4668-BE54-9A1E7A4F7556}") = "Level 3 - ConsolasAndTelim", "ConsolasAndTelim\Level 3 - ConsolasAndTelim.csproj", "{4A7A4FCE-2535-4A42-A9A3-5B88310295B1}"
EndProject
Project("{FAE04EC0-301F-11D3-BF4B-00C04F79EFBC}") = "Level 4 - TheThingNamer3000", "TheThingNamer3000\Level 4 - TheThingNamer3000.csproj", "{9EC7CB86-45AC-4813-AA2A-C1F8E0CAE683}"
EndProject
Project("{FAE04EC0-301F-11D3-BF4B-00C04F79EFBC}") = "Level - 6 - HexadecimalLiterals", "Level - 6 - HexadecimalLiterals\Level - 6 - HexadecimalLiterals.csproj", "{E98D4091-0DC5-4860-8041-F4FACFE499FB}"
EndProject
Global
	GlobalSection(SolutionConfigurationPlatforms) = preSolution
		Debug|Any CPU = Debug|Any CPU
		Release|Any CPU = Release|Any CPU
	EndGlobalSection
	GlobalSection(ProjectConfigurationPlatforms) = postSolution
		{5657CC97-2D8D-47D2-8DAB-C6610A02B6B7}.Debug|Any CPU.ActiveCfg = Debug|Any CPU
		{5657CC97-2D8D-47D2-8DAB-C6610A02B6B7}.Debug|Any CPU.Build.0 = Debug|Any CPU
		{5657CC97-2D8D-47D2-8DAB-C6610A02B6B7}.Release|Any CPU.ActiveCfg = Release|Any CPU
		{5657CC97-2D8D-47D2-8DAB-C6610A02B6B7}.Release|Any CPU.Build.0 = Release|Any CPU
		{A332A8FB-0248-4F72-A81C-B66D426686A5}.Debug|Any CPU.ActiveCfg = Debug|Any CPU
		{A332A8FB-0248-4F72-A81C-B66D426686A5}.Debug|Any CPU.Build.0 = Debug|Any CPU
		{A332A8FB-0248-4F72-A81C-B66D426686A5}.Release|Any CPU.ActiveCfg = Release|Any CPU
		{A332A8FB-0248-4F72-A81C-B66D426686A5}.Release|Any CPU.Build.0 = Release|Any CPU
		{42F05BB0-C2B2-4ABC-98A8-96B9719059FE}.Debug|Any CPU.ActiveCfg = Debug|Any CPU
		{42F05BB0-C2B2-4ABC-98A8-96B9719059FE}.Debug|Any CPU.Build.0 = Debug|Any CPU
		{42F05BB0-C2B2-4ABC-98A8-96B9719059FE}.Release|Any CPU.ActiveCfg = Release|Any CPU
		{42F05BB0-C2B2-4ABC-98A8-96B9719059FE}.Release|Any CPU.Build.0 = Release|Any CPU
		{4A7A4FCE-2535-4A42-A9A3-5B88310295B1}.Debug|Any CPU.ActiveCfg = Debug|Any CPU
		{4A7A4FCE-2535-4A42-A9A3-5B88310295B1}.Debug|Any CPU.Build.0 = Debug|Any CPU
		{4A7A4FCE-2535-4A42-A9A3-5B88310295B1}.Release|Any CPU.ActiveCfg = Release|Any CPU
		{4A7A4FCE-2535-4A42-A9A3-5B88310295B1}.Release|Any CPU.Build.0 = Release|Any CPU
		{9EC7CB86-45AC-4813-AA2A-C1F8E0CAE683}.Debug|Any CPU.ActiveCfg = Debug|Any CPU
		{9EC7CB86-45AC-4813-AA2A-C1F8E0CAE683}.Debug|Any CPU.Build.0 = Debug|Any CPU
		{9EC7CB86-45AC-4813-AA2A-C1F8E0CAE683}.Release|Any CPU.ActiveCfg = Release|Any CPU
		{9EC7CB86-45AC-4813-AA2A-C1F8E0CAE683}.Release|Any CPU.Build.0 = Release|Any CPU
		{E98D4091-0DC5-4860-8041-F4FACFE499FB}.Debug|Any CPU.ActiveCfg = Debug|Any CPU
		{E98D4091-0DC5-4860-8041-F4FACFE499FB}.Debug|Any CPU.Build.0 = Debug|Any CPU
		{E98D4091-0DC5-4860-8041-F4FACFE499FB}.Release|Any CPU.ActiveCfg = Release|Any CPU
		{E98D4091-0DC5-4860-8041-F4FACFE499FB}.Release|Any CPU.Build.0 = Release|Any CPU
	EndGlobalSection
	GlobalSection(SolutionProperties) = preSolution
		HideSolutionNode = FALSE
	EndGlobalSection
	GlobalSection(ExtensibilityGlobals) = postSolution
		SolutionGuid = {04B1FDF5-03BC-4648-83AE-FB18C2E1B172}
	EndGlobalSection
EndGlobal
