
Microsoft Visual Studio Solution File, Format Version 12.00
# Visual Studio Version 17
VisualStudioVersion = 17.4.33110.190
MinimumVisualStudioVersion = 10.0.40219.1
Project("{FAE04EC0-301F-11D3-BF4B-00C04F79EFBC}") = "Level 3 - Hello World - Your First Program", "Level 3 - Hello World - Your First Program\Level 3 - Hello World - Your First Program.csproj", "{EEB6CE3B-9DA2-48BD-B0CF-5B2EC83DED53}"
EndProject
Global
	GlobalSection(SolutionConfigurationPlatforms) = preSolution
		Debug|Any CPU = Debug|Any CPU
		Release|Any CPU = Release|Any CPU
	EndGlobalSection
	GlobalSection(ProjectConfigurationPlatforms) = postSolution
		{EEB6CE3B-9DA2-48BD-B0CF-5B2EC83DED53}.Debug|Any CPU.ActiveCfg = Debug|Any CPU
		{EEB6CE3B-9DA2-48BD-B0CF-5B2EC83DED53}.Debug|Any CPU.Build.0 = Debug|Any CPU
		{EEB6CE3B-9DA2-48BD-B0CF-5B2EC83DED53}.Release|Any CPU.ActiveCfg = Release|Any CPU
		{EEB6CE3B-9DA2-48BD-B0CF-5B2EC83DED53}.Release|Any CPU.Build.0 = Release|Any CPU
	EndGlobalSection
	GlobalSection(SolutionProperties) = preSolution
		HideSolutionNode = FALSE
	EndGlobalSection
	GlobalSection(ExtensibilityGlobals) = postSolution
		SolutionGuid = {04B1FDF5-03BC-4648-83AE-FB18C2E1B172}
	EndGlobalSection
EndGlobal
